[{<<"bear">>,{pkg,<<"bear">>,<<"0.8.3">>},1},
 {<<"edown">>,{pkg,<<"edown">>,<<"0.7.0">>},0},
 {<<"folsom">>,{pkg,<<"folsom">>,<<"0.8.3">>},0},
 {<<"goldrush">>,{pkg,<<"goldrush">>,<<"0.1.7">>},1},
 {<<"lager">>,{pkg,<<"lager">>,<<"3.0.2">>},0},
 {<<"parse_trans">>,{pkg,<<"parse_trans">>,<<"2.9.0">>},0},
 {<<"setup">>,{pkg,<<"setup">>,<<"1.7.0">>},0}].
